<?xml version="1.0" encoding="utf-8"?>
<Project ToolsVersion="4.0" xmlns="http://schemas.microsoft.com/developer/msbuild/2003">
  <ItemGroup>
    <Filter Include="Fichiers de ressources">
      <UniqueIdentifier>{67DA6AB6-F800-4c08-8B7A-83BB121AAD01}</UniqueIdentifier>
      <Extensions>rc;ico;cur;bmp;dlg;rc2;rct;bin;rgs;gif;jpg;jpeg;jpe;resx;tiff;tif;png;wav;mfcribbon-ms</Extensions>
    </Filter>
    <Filter Include="2022">
      <UniqueIdentifier>{28ef66d3-df61-4d07-971b-6a432050ea73}</UniqueIdentifier>
    </Filter>
    <Filter Include="2022\Fichiers sources">
      <UniqueIdentifier>{4FC737F1-C7A5-4376-A066-2A32D752A2FF}</UniqueIdentifier>
      <Extensions>cpp;c;cc;cxx;c++;cppm;ixx;def;odl;idl;hpj;bat;asm;asmx</Extensions>
    </Filter>
    <Filter Include="2022\Fichiers d%27en-tête">
      <UniqueIdentifier>{93995380-89BD-4b04-88EB-625FBE52EBFB}</UniqueIdentifier>
      <Extensions>h;hh;hpp;hxx;h++;hm;inl;inc;ipp;xsd</Extensions>
    </Filter>
  </ItemGroup>
  <ItemGroup>
    <Text Include="..\inputD1.txt">
      <Filter>Fichiers de ressources</Filter>
    </Text>
    <Text Include="..\inputD2.txt">
      <Filter>Fichiers de ressources</Filter>
    </Text>
    <Text Include="..\inputD3.txt">
      <Filter>Fichiers de ressources</Filter>
    </Text>
    <Text Include="..\inputD4.txt">
      <Filter>Fichiers de ressources</Filter>
    </Text>
    <Text Include="..\inputD5.txt">
      <Filter>Fichiers de ressources</Filter>
    </Text>
    <Text Include="..\inputD6.txt">
      <Filter>Fichiers de ressources</Filter>
    </Text>
    <Text Include="..\inputD7.txt">
      <Filter>Fichiers de ressources</Filter>
    </Text>
    <Text Include="..\inputD7bis.txt">
      <Filter>Fichiers de ressources</Filter>
    </Text>
    <Text Include="..\inputD8.txt">
      <Filter>Fichiers de ressources</Filter>
    </Text>
    <Text Include="..\inputD9.txt">
      <Filter>Fichiers de ressources</Filter>
    </Text>
    <Text Include="..\inputD9bis.txt">
      <Filter>Fichiers de ressources</Filter>
    </Text>
    <Text Include="..\inputD9ter.txt">
      <Filter>Fichiers de ressources</Filter>
    </Text>
    <Text Include="..\inputD10.txt">
      <Filter>Fichiers de ressources</Filter>
    </Text>
  </ItemGroup>
  <ItemGroup>
    <ClInclude Include="2022\DayEight.h">
      <Filter>2022\Fichiers d%27en-tête</Filter>
    </ClInclude>
    <ClInclude Include="2022\DayFive.h">
      <Filter>2022\Fichiers d%27en-tête</Filter>
    </ClInclude>
    <ClInclude Include="2022\DayFour.h">
      <Filter>2022\Fichiers d%27en-tête</Filter>
    </ClInclude>
    <ClInclude Include="2022\DayNine.h">
      <Filter>2022\Fichiers d%27en-tête</Filter>
    </ClInclude>
    <ClInclude Include="2022\DayOne.h">
      <Filter>2022\Fichiers d%27en-tête</Filter>
    </ClInclude>
    <ClInclude Include="2022\DaySeven.h">
      <Filter>2022\Fichiers d%27en-tête</Filter>
    </ClInclude>
    <ClInclude Include="2022\DaySix.h">
      <Filter>2022\Fichiers d%27en-tête</Filter>
    </ClInclude>
    <ClInclude Include="2022\DayTen.h">
      <Filter>2022\Fichiers d%27en-tête</Filter>
    </ClInclude>
    <ClInclude Include="2022\DayThree.h">
      <Filter>2022\Fichiers d%27en-tête</Filter>
    </ClInclude>
    <ClInclude Include="2022\DayTwo.h">
      <Filter>2022\Fichiers d%27en-tête</Filter>
    </ClInclude>
    <ClInclude Include="2022\Directory.h">
      <Filter>2022\Fichiers d%27en-tête</Filter>
    </ClInclude>
    <ClInclude Include="2022\Elf.h">
      <Filter>2022\Fichiers d%27en-tête</Filter>
    </ClInclude>
    <ClInclude Include="2022\File.h">
      <Filter>2022\Fichiers d%27en-tête</Filter>
    </ClInclude>
    <ClInclude Include="2022\FileParser.h">
      <Filter>2022\Fichiers d%27en-tête</Filter>
    </ClInclude>
    <ClInclude Include="2022\main.h">
      <Filter>2022\Fichiers d%27en-tête</Filter>
    </ClInclude>
  </ItemGroup>
  <ItemGroup>
    <ClCompile Include="2022\main.cpp">
      <Filter>2022\Fichiers sources</Filter>
    </ClCompile>
    <ClCompile Include="2022\DayEight.cpp">
      <Filter>2022\Fichiers sources</Filter>
    </ClCompile>
    <ClCompile Include="2022\DayFive.cpp">
      <Filter>2022\Fichiers sources</Filter>
    </ClCompile>
    <ClCompile Include="2022\DayFour.cpp">
      <Filter>2022\Fichiers sources</Filter>
    </ClCompile>
    <ClCompile Include="2022\DayNine.cpp">
      <Filter>2022\Fichiers sources</Filter>
    </ClCompile>
    <ClCompile Include="2022\DayOne.cpp">
      <Filter>2022\Fichiers sources</Filter>
    </ClCompile>
    <ClCompile Include="2022\DaySeven.cpp">
      <Filter>2022\Fichiers sources</Filter>
    </ClCompile>
    <ClCompile Include="2022\DaySix.cpp">
      <Filter>2022\Fichiers sources</Filter>
    </ClCompile>
    <ClCompile Include="2022\DayTen.cpp">
      <Filter>2022\Fichiers sources</Filter>
    </ClCompile>
    <ClCompile Include="2022\DayThree.cpp">
      <Filter>2022\Fichiers sources</Filter>
    </ClCompile>
    <ClCompile Include="2022\DayTwo.cpp">
      <Filter>2022\Fichiers sources</Filter>
    </ClCompile>
    <ClCompile Include="2022\Directory.cpp">
      <Filter>2022\Fichiers sources</Filter>
    </ClCompile>
    <ClCompile Include="2022\Elf.cpp">
      <Filter>2022\Fichiers sources</Filter>
    </ClCompile>
    <ClCompile Include="2022\File.cpp">
      <Filter>2022\Fichiers sources</Filter>
    </ClCompile>
    <ClCompile Include="2022\FileParser.cpp">
      <Filter>2022\Fichiers sources</Filter>
    </ClCompile>
  </ItemGroup>
</Project>